
Microsoft Visual Studio Solution File, Format Version 12.00
# Visual Studio 15
VisualStudioVersion = 15.0.27703.2035
MinimumVisualStudioVersion = 10.0.40219.1
Project("{FAE04EC0-301F-11D3-BF4B-00C04F79EFBC}") = "XF.Mapas.Android", "XF.Mapas\XF.Mapas.Android\XF.Mapas.Android.csproj", "{71B07E50-9A75-4D48-ACC0-43F21EF8FF9C}"
EndProject
Project("{FAE04EC0-301F-11D3-BF4B-00C04F79EFBC}") = "XF.Mapas.iOS", "XF.Mapas\XF.Mapas.iOS\XF.Mapas.iOS.csproj", "{2849A62B-51B1-4208-9EB3-72FB12E23347}"
EndProject
Project("{FAE04EC0-301F-11D3-BF4B-00C04F79EFBC}") = "XF.Mapas", "XF.Mapas\XF.Mapas\XF.Mapas.csproj", "{10EFB0C6-5F8C-41AA-8EF6-9AAE96E90593}"
EndProject
Global
	GlobalSection(SolutionConfigurationPlatforms) = preSolution
		Ad-Hoc|Any CPU = Ad-Hoc|Any CPU
		Ad-Hoc|iPhone = Ad-Hoc|iPhone
		Ad-Hoc|iPhoneSimulator = Ad-Hoc|iPhoneSimulator
		AppStore|Any CPU = AppStore|Any CPU
		AppStore|iPhone = AppStore|iPhone
		AppStore|iPhoneSimulator = AppStore|iPhoneSimulator
		Debug|Any CPU = Debug|Any CPU
		Debug|iPhone = Debug|iPhone
		Debug|iPhoneSimulator = Debug|iPhoneSimulator
		Release|Any CPU = Release|Any CPU
		Release|iPhone = Release|iPhone
		Release|iPhoneSimulator = Release|iPhoneSimulator
	EndGlobalSection
	GlobalSection(ProjectConfigurationPlatforms) = postSolution
		{71B07E50-9A75-4D48-ACC0-43F21EF8FF9C}.Ad-Hoc|Any CPU.ActiveCfg = Release|Any CPU
		{71B07E50-9A75-4D48-ACC0-43F21EF8FF9C}.Ad-Hoc|Any CPU.Build.0 = Release|Any CPU
		{71B07E50-9A75-4D48-ACC0-43F21EF8FF9C}.Ad-Hoc|Any CPU.Deploy.0 = Release|Any CPU
		{71B07E50-9A75-4D48-ACC0-43F21EF8FF9C}.Ad-Hoc|iPhone.ActiveCfg = Release|Any CPU
		{71B07E50-9A75-4D48-ACC0-43F21EF8FF9C}.Ad-Hoc|iPhone.Build.0 = Release|Any CPU
		{71B07E50-9A75-4D48-ACC0-43F21EF8FF9C}.Ad-Hoc|iPhone.Deploy.0 = Release|Any CPU
		{71B07E50-9A75-4D48-ACC0-43F21EF8FF9C}.Ad-Hoc|iPhoneSimulator.ActiveCfg = Release|Any CPU
		{71B07E50-9A75-4D48-ACC0-43F21EF8FF9C}.Ad-Hoc|iPhoneSimulator.Build.0 = Release|Any CPU
		{71B07E50-9A75-4D48-ACC0-43F21EF8FF9C}.Ad-Hoc|iPhoneSimulator.Deploy.0 = Release|Any CPU
		{71B07E50-9A75-4D48-ACC0-43F21EF8FF9C}.AppStore|Any CPU.ActiveCfg = Release|Any CPU
		{71B07E50-9A75-4D48-ACC0-43F21EF8FF9C}.AppStore|Any CPU.Build.0 = Release|Any CPU
		{71B07E50-9A75-4D48-ACC0-43F21EF8FF9C}.AppStore|Any CPU.Deploy.0 = Release|Any CPU
		{71B07E50-9A75-4D48-ACC0-43F21EF8FF9C}.AppStore|iPhone.ActiveCfg = Release|Any CPU
		{71B07E50-9A75-4D48-ACC0-43F21EF8FF9C}.AppStore|iPhone.Build.0 = Release|Any CPU
		{71B07E50-9A75-4D48-ACC0-43F21EF8FF9C}.AppStore|iPhone.Deploy.0 = Release|Any CPU
		{71B07E50-9A75-4D48-ACC0-43F21EF8FF9C}.AppStore|iPhoneSimulator.ActiveCfg = Release|Any CPU
		{71B07E50-9A75-4D48-ACC0-43F21EF8FF9C}.AppStore|iPhoneSimulator.Build.0 = Release|Any CPU
		{71B07E50-9A75-4D48-ACC0-43F21EF8FF9C}.AppStore|iPhoneSimulator.Deploy.0 = Release|Any CPU
		{71B07E50-9A75-4D48-ACC0-43F21EF8FF9C}.Debug|Any CPU.ActiveCfg = Debug|Any CPU
		{71B07E50-9A75-4D48-ACC0-43F21EF8FF9C}.Debug|Any CPU.Build.0 = Debug|Any CPU
		{71B07E50-9A75-4D48-ACC0-43F21EF8FF9C}.Debug|Any CPU.Deploy.0 = Debug|Any CPU
		{71B07E50-9A75-4D48-ACC0-43F21EF8FF9C}.Debug|iPhone.ActiveCfg = Debug|Any CPU
		{71B07E50-9A75-4D48-ACC0-43F21EF8FF9C}.Debug|iPhone.Build.0 = Debug|Any CPU
		{71B07E50-9A75-4D48-ACC0-43F21EF8FF9C}.Debug|iPhone.Deploy.0 = Debug|Any CPU
		{71B07E50-9A75-4D48-ACC0-43F21EF8FF9C}.Debug|iPhoneSimulator.ActiveCfg = Debug|Any CPU
		{71B07E50-9A75-4D48-ACC0-43F21EF8FF9C}.Debug|iPhoneSimulator.Build.0 = Debug|Any CPU
		{71B07E50-9A75-4D48-ACC0-43F21EF8FF9C}.Debug|iPhoneSimulator.Deploy.0 = Debug|Any CPU
		{71B07E50-9A75-4D48-ACC0-43F21EF8FF9C}.Release|Any CPU.ActiveCfg = Release|Any CPU
		{71B07E50-9A75-4D48-ACC0-43F21EF8FF9C}.Release|Any CPU.Build.0 = Release|Any CPU
		{71B07E50-9A75-4D48-ACC0-43F21EF8FF9C}.Release|Any CPU.Deploy.0 = Release|Any CPU
		{71B07E50-9A75-4D48-ACC0-43F21EF8FF9C}.Release|iPhone.ActiveCfg = Release|Any CPU
		{71B07E50-9A75-4D48-ACC0-43F21EF8FF9C}.Release|iPhone.Build.0 = Release|Any CPU
		{71B07E50-9A75-4D48-ACC0-43F21EF8FF9C}.Release|iPhone.Deploy.0 = Release|Any CPU
		{71B07E50-9A75-4D48-ACC0-43F21EF8FF9C}.Release|iPhoneSimulator.ActiveCfg = Release|Any CPU
		{71B07E50-9A75-4D48-ACC0-43F21EF8FF9C}.Release|iPhoneSimulator.Build.0 = Release|Any CPU
		{71B07E50-9A75-4D48-ACC0-43F21EF8FF9C}.Release|iPhoneSimulator.Deploy.0 = Release|Any CPU
		{2849A62B-51B1-4208-9EB3-72FB12E23347}.Ad-Hoc|Any CPU.ActiveCfg = Ad-Hoc|iPhone
		{2849A62B-51B1-4208-9EB3-72FB12E23347}.Ad-Hoc|Any CPU.Build.0 = Ad-Hoc|iPhone
		{2849A62B-51B1-4208-9EB3-72FB12E23347}.Ad-Hoc|Any CPU.Deploy.0 = Ad-Hoc|iPhone
		{2849A62B-51B1-4208-9EB3-72FB12E23347}.Ad-Hoc|iPhone.ActiveCfg = Ad-Hoc|iPhone
		{2849A62B-51B1-4208-9EB3-72FB12E23347}.Ad-Hoc|iPhone.Build.0 = Ad-Hoc|iPhone
		{2849A62B-51B1-4208-9EB3-72FB12E23347}.Ad-Hoc|iPhone.Deploy.0 = Ad-Hoc|iPhone
		{2849A62B-51B1-4208-9EB3-72FB12E23347}.Ad-Hoc|iPhoneSimulator.ActiveCfg = Ad-Hoc|iPhoneSimulator
		{2849A62B-51B1-4208-9EB3-72FB12E23347}.Ad-Hoc|iPhoneSimulator.Build.0 = Ad-Hoc|iPhoneSimulator
		{2849A62B-51B1-4208-9EB3-72FB12E23347}.Ad-Hoc|iPhoneSimulator.Deploy.0 = Ad-Hoc|iPhoneSimulator
		{2849A62B-51B1-4208-9EB3-72FB12E23347}.AppStore|Any CPU.ActiveCfg = AppStore|iPhone
		{2849A62B-51B1-4208-9EB3-72FB12E23347}.AppStore|Any CPU.Build.0 = AppStore|iPhone
		{2849A62B-51B1-4208-9EB3-72FB12E23347}.AppStore|Any CPU.Deploy.0 = AppStore|iPhone
		{2849A62B-51B1-4208-9EB3-72FB12E23347}.AppStore|iPhone.ActiveCfg = AppStore|iPhone
		{2849A62B-51B1-4208-9EB3-72FB12E23347}.AppStore|iPhone.Build.0 = AppStore|iPhone
		{2849A62B-51B1-4208-9EB3-72FB12E23347}.AppStore|iPhone.Deploy.0 = AppStore|iPhone
		{2849A62B-51B1-4208-9EB3-72FB12E23347}.AppStore|iPhoneSimulator.ActiveCfg = AppStore|iPhoneSimulator
		{2849A62B-51B1-4208-9EB3-72FB12E23347}.AppStore|iPhoneSimulator.Build.0 = AppStore|iPhoneSimulator
		{2849A62B-51B1-4208-9EB3-72FB12E23347}.AppStore|iPhoneSimulator.Deploy.0 = AppStore|iPhoneSimulator
		{2849A62B-51B1-4208-9EB3-72FB12E23347}.Debug|Any CPU.ActiveCfg = Debug|iPhoneSimulator
		{2849A62B-51B1-4208-9EB3-72FB12E23347}.Debug|Any CPU.Build.0 = Debug|iPhoneSimulator
		{2849A62B-51B1-4208-9EB3-72FB12E23347}.Debug|Any CPU.Deploy.0 = Debug|iPhoneSimulator
		{2849A62B-51B1-4208-9EB3-72FB12E23347}.Debug|iPhone.ActiveCfg = Debug|iPhone
		{2849A62B-51B1-4208-9EB3-72FB12E23347}.Debug|iPhone.Build.0 = Debug|iPhone
		{2849A62B-51B1-4208-9EB3-72FB12E23347}.Debug|iPhone.Deploy.0 = Debug|iPhone
		{2849A62B-51B1-4208-9EB3-72FB12E23347}.Debug|iPhoneSimulator.ActiveCfg = Debug|iPhoneSimulator
		{2849A62B-51B1-4208-9EB3-72FB12E23347}.Debug|iPhoneSimulator.Build.0 = Debug|iPhoneSimulator
		{2849A62B-51B1-4208-9EB3-72FB12E23347}.Debug|iPhoneSimulator.Deploy.0 = Debug|iPhoneSimulator
		{2849A62B-51B1-4208-9EB3-72FB12E23347}.Release|Any CPU.ActiveCfg = Release|iPhone
		{2849A62B-51B1-4208-9EB3-72FB12E23347}.Release|Any CPU.Build.0 = Release|iPhone
		{2849A62B-51B1-4208-9EB3-72FB12E23347}.Release|Any CPU.Deploy.0 = Release|iPhone
		{2849A62B-51B1-4208-9EB3-72FB12E23347}.Release|iPhone.ActiveCfg = Release|iPhone
		{2849A62B-51B1-4208-9EB3-72FB12E23347}.Release|iPhone.Build.0 = Release|iPhone
		{2849A62B-51B1-4208-9EB3-72FB12E23347}.Release|iPhone.Deploy.0 = Release|iPhone
		{2849A62B-51B1-4208-9EB3-72FB12E23347}.Release|iPhoneSimulator.ActiveCfg = Release|iPhoneSimulator
		{2849A62B-51B1-4208-9EB3-72FB12E23347}.Release|iPhoneSimulator.Build.0 = Release|iPhoneSimulator
		{2849A62B-51B1-4208-9EB3-72FB12E23347}.Release|iPhoneSimulator.Deploy.0 = Release|iPhoneSimulator
		{10EFB0C6-5F8C-41AA-8EF6-9AAE96E90593}.Ad-Hoc|Any CPU.ActiveCfg = Debug|Any CPU
		{10EFB0C6-5F8C-41AA-8EF6-9AAE96E90593}.Ad-Hoc|Any CPU.Build.0 = Debug|Any CPU
		{10EFB0C6-5F8C-41AA-8EF6-9AAE96E90593}.Ad-Hoc|Any CPU.Deploy.0 = Debug|Any CPU
		{10EFB0C6-5F8C-41AA-8EF6-9AAE96E90593}.Ad-Hoc|iPhone.ActiveCfg = Debug|Any CPU
		{10EFB0C6-5F8C-41AA-8EF6-9AAE96E90593}.Ad-Hoc|iPhone.Build.0 = Debug|Any CPU
		{10EFB0C6-5F8C-41AA-8EF6-9AAE96E90593}.Ad-Hoc|iPhone.Deploy.0 = Debug|Any CPU
		{10EFB0C6-5F8C-41AA-8EF6-9AAE96E90593}.Ad-Hoc|iPhoneSimulator.ActiveCfg = Debug|Any CPU
		{10EFB0C6-5F8C-41AA-8EF6-9AAE96E90593}.Ad-Hoc|iPhoneSimulator.Build.0 = Debug|Any CPU
		{10EFB0C6-5F8C-41AA-8EF6-9AAE96E90593}.Ad-Hoc|iPhoneSimulator.Deploy.0 = Debug|Any CPU
		{10EFB0C6-5F8C-41AA-8EF6-9AAE96E90593}.AppStore|Any CPU.ActiveCfg = Debug|Any CPU
		{10EFB0C6-5F8C-41AA-8EF6-9AAE96E90593}.AppStore|Any CPU.Build.0 = Debug|Any CPU
		{10EFB0C6-5F8C-41AA-8EF6-9AAE96E90593}.AppStore|Any CPU.Deploy.0 = Debug|Any CPU
		{10EFB0C6-5F8C-41AA-8EF6-9AAE96E90593}.AppStore|iPhone.ActiveCfg = Debug|Any CPU
		{10EFB0C6-5F8C-41AA-8EF6-9AAE96E90593}.AppStore|iPhone.Build.0 = Debug|Any CPU
		{10EFB0C6-5F8C-41AA-8EF6-9AAE96E90593}.AppStore|iPhone.Deploy.0 = Debug|Any CPU
		{10EFB0C6-5F8C-41AA-8EF6-9AAE96E90593}.AppStore|iPhoneSimulator.ActiveCfg = Debug|Any CPU
		{10EFB0C6-5F8C-41AA-8EF6-9AAE96E90593}.AppStore|iPhoneSimulator.Build.0 = Debug|Any CPU
		{10EFB0C6-5F8C-41AA-8EF6-9AAE96E90593}.AppStore|iPhoneSimulator.Deploy.0 = Debug|Any CPU
		{10EFB0C6-5F8C-41AA-8EF6-9AAE96E90593}.Debug|Any CPU.ActiveCfg = Debug|Any CPU
		{10EFB0C6-5F8C-41AA-8EF6-9AAE96E90593}.Debug|Any CPU.Build.0 = Debug|Any CPU
		{10EFB0C6-5F8C-41AA-8EF6-9AAE96E90593}.Debug|Any CPU.Deploy.0 = Debug|Any CPU
		{10EFB0C6-5F8C-41AA-8EF6-9AAE96E90593}.Debug|iPhone.ActiveCfg = Debug|Any CPU
		{10EFB0C6-5F8C-41AA-8EF6-9AAE96E90593}.Debug|iPhone.Build.0 = Debug|Any CPU
		{10EFB0C6-5F8C-41AA-8EF6-9AAE96E90593}.Debug|iPhone.Deploy.0 = Debug|Any CPU
		{10EFB0C6-5F8C-41AA-8EF6-9AAE96E90593}.Debug|iPhoneSimulator.ActiveCfg = Debug|Any CPU
		{10EFB0C6-5F8C-41AA-8EF6-9AAE96E90593}.Debug|iPhoneSimulator.Build.0 = Debug|Any CPU
		{10EFB0C6-5F8C-41AA-8EF6-9AAE96E90593}.Debug|iPhoneSimulator.Deploy.0 = Debug|Any CPU
		{10EFB0C6-5F8C-41AA-8EF6-9AAE96E90593}.Release|Any CPU.ActiveCfg = Release|Any CPU
		{10EFB0C6-5F8C-41AA-8EF6-9AAE96E90593}.Release|Any CPU.Build.0 = Release|Any CPU
		{10EFB0C6-5F8C-41AA-8EF6-9AAE96E90593}.Release|Any CPU.Deploy.0 = Release|Any CPU
		{10EFB0C6-5F8C-41AA-8EF6-9AAE96E90593}.Release|iPhone.ActiveCfg = Release|Any CPU
		{10EFB0C6-5F8C-41AA-8EF6-9AAE96E90593}.Release|iPhone.Build.0 = Release|Any CPU
		{10EFB0C6-5F8C-41AA-8EF6-9AAE96E90593}.Release|iPhone.Deploy.0 = Release|Any CPU
		{10EFB0C6-5F8C-41AA-8EF6-9AAE96E90593}.Release|iPhoneSimulator.ActiveCfg = Release|Any CPU
		{10EFB0C6-5F8C-41AA-8EF6-9AAE96E90593}.Release|iPhoneSimulator.Build.0 = Release|Any CPU
		{10EFB0C6-5F8C-41AA-8EF6-9AAE96E90593}.Release|iPhoneSimulator.Deploy.0 = Release|Any CPU
	EndGlobalSection
	GlobalSection(SolutionProperties) = preSolution
		HideSolutionNode = FALSE
	EndGlobalSection
	GlobalSection(ExtensibilityGlobals) = postSolution
		SolutionGuid = {6B773208-AFEF-4997-956E-1F5D694F58CF}
	EndGlobalSection
EndGlobal
